
Microsoft Visual Studio Solution File, Format Version 12.00
# Visual Studio Version 16
VisualStudioVersion = 16.0.30114.105
MinimumVisualStudioVersion = 10.0.40219.1
Project("{FAE04EC0-301F-11D3-BF4B-00C04F79EFBC}") = "Web.Identity", "Backend\Web.Identity\Web.Identity.csproj", "{06639214-000E-4652-A456-10949F8BF6D2}"
EndProject
Project("{FAE04EC0-301F-11D3-BF4B-00C04F79EFBC}") = "Aqua.Persistence", "Backend\Aqua.Persistence\Aqua.Persistence.csproj", "{B5003189-C42A-4524-92B8-B711D988CA42}"
EndProject
Project("{FAE04EC0-301F-11D3-BF4B-00C04F79EFBC}") = "Aqua.Domain.Sql", "Backend\Aqua.Domain.Sql\Aqua.Domain.Sql.csproj", "{1AF9853D-6894-47FA-89C3-9F603C242A1F}"
EndProject
Project("{FAE04EC0-301F-11D3-BF4B-00C04F79EFBC}") = "Aqua.Domain", "Backend\Aqua.Domain\Aqua.Domain.csproj", "{6A978910-F7EC-4C41-A5E0-58382CAD0EAC}"
EndProject
Project("{FAE04EC0-301F-11D3-BF4B-00C04F79EFBC}") = "Aqua.Copy", "Backend\Aqua.Copy\Aqua.Copy.csproj", "{B0DE4ECA-7986-4AEC-9EE1-A70A0EF4CB23}"
EndProject
Project("{FAE04EC0-301F-11D3-BF4B-00C04F79EFBC}") = "Aqua.Web", "Backend\Aqua.Web\Aqua.Web.csproj", "{9915839F-DC3C-4C4D-BB64-DA278EA6239A}"
EndProject
Project("{FAE04EC0-301F-11D3-BF4B-00C04F79EFBC}") = "Aqua.Application", "Backend\Aqua.Application\Aqua.Application.csproj", "{77B5F0D6-A991-4BE8-B3BF-55CDFB171AE5}"
EndProject
Project("{FAE04EC0-301F-11D3-BF4B-00C04F79EFBC}") = "Aqua.SqlServer", "Backend\Aqua.SqlServer\Aqua.SqlServer.csproj", "{E124F3A4-805B-4B98-BB32-ED0A8EE9032D}"
EndProject
Project("{FAE04EC0-301F-11D3-BF4B-00C04F79EFBC}") = "Aqua.Api", "Backend\Aqua.Api\Aqua.Api.csproj", "{CCCDC28F-2501-4220-A1A0-8733610F841E}"
EndProject
Project("{2150E333-8FDC-42A3-9474-1A3956D46DE8}") = "Solution Items", "Solution Items", "{E07572F0-4541-4152-93FC-0A1D6DF852EB}"
	ProjectSection(SolutionItems) = preProject
		docker-compose.yml = docker-compose.yml
	EndProjectSection
EndProject
Project("{FAE04EC0-301F-11D3-BF4B-00C04F79EFBC}") = "Aqua.MongoDb", "Backend\Aqua.MongoDb\Aqua.MongoDb.csproj", "{8F4A5027-F40D-4486-B307-9D5CBBA6F0E4}"
EndProject
Project("{FAE04EC0-301F-11D3-BF4B-00C04F79EFBC}") = "Aqua.List.Web", "Backend\Aqua.List.Web\Aqua.List.Web.csproj", "{BEBD6BF7-2307-4401-87C1-587595BD70F1}"
EndProject
Project("{FAE04EC0-301F-11D3-BF4B-00C04F79EFBC}") = "Identity.Server", "Backend\Identity.Server\Identity.Server.csproj", "{402DBD92-BEE9-4C0C-8836-708C018CF0D5}"
EndProject
Project("{FAE04EC0-301F-11D3-BF4B-00C04F79EFBC}") = "Mqtt.ServR", "Backend\Mqtt.ServR\Mqtt.ServR.csproj", "{430AB71B-BF1F-4602-BD14-9A8EACA0CAE3}"
EndProject
Project("{FAE04EC0-301F-11D3-BF4B-00C04F79EFBC}") = "ValueReceiver", "ValueReceiver\ValueReceiver.csproj", "{CDCA34B4-03E2-429A-AE1B-5A907D152C31}"
EndProject
Project("{FAE04EC0-301F-11D3-BF4B-00C04F79EFBC}") = "Identity.Domain", "Backend\Identity.Domain\Identity.Domain.csproj", "{DE11BB53-9F5F-42B9-8A51-D1234EE9EA97}"
EndProject
Project("{FAE04EC0-301F-11D3-BF4B-00C04F79EFBC}") = "Aqua.Api.IntegrationTest", "Backend\Aqua.Api.IntegrationTest\Aqua.Api.IntegrationTest.csproj", "{D346DB13-E0C8-4729-A84A-9A8A57A1F565}"
EndProject
Global
	GlobalSection(SolutionConfigurationPlatforms) = preSolution
		Debug|Any CPU = Debug|Any CPU
		Release|Any CPU = Release|Any CPU
	EndGlobalSection
	GlobalSection(SolutionProperties) = preSolution
		HideSolutionNode = FALSE
	EndGlobalSection
	GlobalSection(ProjectConfigurationPlatforms) = postSolution
		{06639214-000E-4652-A456-10949F8BF6D2}.Debug|Any CPU.ActiveCfg = Debug|Any CPU
		{06639214-000E-4652-A456-10949F8BF6D2}.Debug|Any CPU.Build.0 = Debug|Any CPU
		{06639214-000E-4652-A456-10949F8BF6D2}.Release|Any CPU.ActiveCfg = Release|Any CPU
		{06639214-000E-4652-A456-10949F8BF6D2}.Release|Any CPU.Build.0 = Release|Any CPU
		{B5003189-C42A-4524-92B8-B711D988CA42}.Debug|Any CPU.ActiveCfg = Debug|Any CPU
		{B5003189-C42A-4524-92B8-B711D988CA42}.Debug|Any CPU.Build.0 = Debug|Any CPU
		{B5003189-C42A-4524-92B8-B711D988CA42}.Release|Any CPU.ActiveCfg = Release|Any CPU
		{B5003189-C42A-4524-92B8-B711D988CA42}.Release|Any CPU.Build.0 = Release|Any CPU
		{1AF9853D-6894-47FA-89C3-9F603C242A1F}.Debug|Any CPU.ActiveCfg = Debug|Any CPU
		{1AF9853D-6894-47FA-89C3-9F603C242A1F}.Debug|Any CPU.Build.0 = Debug|Any CPU
		{1AF9853D-6894-47FA-89C3-9F603C242A1F}.Release|Any CPU.ActiveCfg = Release|Any CPU
		{1AF9853D-6894-47FA-89C3-9F603C242A1F}.Release|Any CPU.Build.0 = Release|Any CPU
		{6A978910-F7EC-4C41-A5E0-58382CAD0EAC}.Debug|Any CPU.ActiveCfg = Debug|Any CPU
		{6A978910-F7EC-4C41-A5E0-58382CAD0EAC}.Debug|Any CPU.Build.0 = Debug|Any CPU
		{6A978910-F7EC-4C41-A5E0-58382CAD0EAC}.Release|Any CPU.ActiveCfg = Release|Any CPU
		{6A978910-F7EC-4C41-A5E0-58382CAD0EAC}.Release|Any CPU.Build.0 = Release|Any CPU
		{B0DE4ECA-7986-4AEC-9EE1-A70A0EF4CB23}.Debug|Any CPU.ActiveCfg = Debug|Any CPU
		{B0DE4ECA-7986-4AEC-9EE1-A70A0EF4CB23}.Debug|Any CPU.Build.0 = Debug|Any CPU
		{B0DE4ECA-7986-4AEC-9EE1-A70A0EF4CB23}.Release|Any CPU.ActiveCfg = Release|Any CPU
		{B0DE4ECA-7986-4AEC-9EE1-A70A0EF4CB23}.Release|Any CPU.Build.0 = Release|Any CPU
		{9915839F-DC3C-4C4D-BB64-DA278EA6239A}.Debug|Any CPU.ActiveCfg = Debug|Any CPU
		{9915839F-DC3C-4C4D-BB64-DA278EA6239A}.Debug|Any CPU.Build.0 = Debug|Any CPU
		{9915839F-DC3C-4C4D-BB64-DA278EA6239A}.Release|Any CPU.ActiveCfg = Release|Any CPU
		{9915839F-DC3C-4C4D-BB64-DA278EA6239A}.Release|Any CPU.Build.0 = Release|Any CPU
		{77B5F0D6-A991-4BE8-B3BF-55CDFB171AE5}.Debug|Any CPU.ActiveCfg = Debug|Any CPU
		{77B5F0D6-A991-4BE8-B3BF-55CDFB171AE5}.Debug|Any CPU.Build.0 = Debug|Any CPU
		{77B5F0D6-A991-4BE8-B3BF-55CDFB171AE5}.Release|Any CPU.ActiveCfg = Release|Any CPU
		{77B5F0D6-A991-4BE8-B3BF-55CDFB171AE5}.Release|Any CPU.Build.0 = Release|Any CPU
		{E124F3A4-805B-4B98-BB32-ED0A8EE9032D}.Debug|Any CPU.ActiveCfg = Debug|Any CPU
		{E124F3A4-805B-4B98-BB32-ED0A8EE9032D}.Debug|Any CPU.Build.0 = Debug|Any CPU
		{E124F3A4-805B-4B98-BB32-ED0A8EE9032D}.Release|Any CPU.ActiveCfg = Release|Any CPU
		{E124F3A4-805B-4B98-BB32-ED0A8EE9032D}.Release|Any CPU.Build.0 = Release|Any CPU
		{CCCDC28F-2501-4220-A1A0-8733610F841E}.Debug|Any CPU.ActiveCfg = Debug|Any CPU
		{CCCDC28F-2501-4220-A1A0-8733610F841E}.Debug|Any CPU.Build.0 = Debug|Any CPU
		{CCCDC28F-2501-4220-A1A0-8733610F841E}.Release|Any CPU.ActiveCfg = Release|Any CPU
		{CCCDC28F-2501-4220-A1A0-8733610F841E}.Release|Any CPU.Build.0 = Release|Any CPU
		{8F4A5027-F40D-4486-B307-9D5CBBA6F0E4}.Debug|Any CPU.ActiveCfg = Debug|Any CPU
		{8F4A5027-F40D-4486-B307-9D5CBBA6F0E4}.Debug|Any CPU.Build.0 = Debug|Any CPU
		{8F4A5027-F40D-4486-B307-9D5CBBA6F0E4}.Release|Any CPU.ActiveCfg = Release|Any CPU
		{8F4A5027-F40D-4486-B307-9D5CBBA6F0E4}.Release|Any CPU.Build.0 = Release|Any CPU
		{BEBD6BF7-2307-4401-87C1-587595BD70F1}.Debug|Any CPU.ActiveCfg = Debug|Any CPU
		{BEBD6BF7-2307-4401-87C1-587595BD70F1}.Debug|Any CPU.Build.0 = Debug|Any CPU
		{BEBD6BF7-2307-4401-87C1-587595BD70F1}.Release|Any CPU.ActiveCfg = Release|Any CPU
		{BEBD6BF7-2307-4401-87C1-587595BD70F1}.Release|Any CPU.Build.0 = Release|Any CPU
		{402DBD92-BEE9-4C0C-8836-708C018CF0D5}.Debug|Any CPU.ActiveCfg = Debug|Any CPU
		{402DBD92-BEE9-4C0C-8836-708C018CF0D5}.Debug|Any CPU.Build.0 = Debug|Any CPU
		{402DBD92-BEE9-4C0C-8836-708C018CF0D5}.Release|Any CPU.ActiveCfg = Release|Any CPU
		{402DBD92-BEE9-4C0C-8836-708C018CF0D5}.Release|Any CPU.Build.0 = Release|Any CPU
		{430AB71B-BF1F-4602-BD14-9A8EACA0CAE3}.Debug|Any CPU.ActiveCfg = Debug|Any CPU
		{430AB71B-BF1F-4602-BD14-9A8EACA0CAE3}.Debug|Any CPU.Build.0 = Debug|Any CPU
		{430AB71B-BF1F-4602-BD14-9A8EACA0CAE3}.Release|Any CPU.ActiveCfg = Release|Any CPU
		{430AB71B-BF1F-4602-BD14-9A8EACA0CAE3}.Release|Any CPU.Build.0 = Release|Any CPU
		{CDCA34B4-03E2-429A-AE1B-5A907D152C31}.Debug|Any CPU.ActiveCfg = Debug|Any CPU
		{CDCA34B4-03E2-429A-AE1B-5A907D152C31}.Debug|Any CPU.Build.0 = Debug|Any CPU
		{CDCA34B4-03E2-429A-AE1B-5A907D152C31}.Release|Any CPU.ActiveCfg = Release|Any CPU
		{CDCA34B4-03E2-429A-AE1B-5A907D152C31}.Release|Any CPU.Build.0 = Release|Any CPU
		{DE11BB53-9F5F-42B9-8A51-D1234EE9EA97}.Debug|Any CPU.ActiveCfg = Debug|Any CPU
		{DE11BB53-9F5F-42B9-8A51-D1234EE9EA97}.Debug|Any CPU.Build.0 = Debug|Any CPU
		{DE11BB53-9F5F-42B9-8A51-D1234EE9EA97}.Release|Any CPU.ActiveCfg = Release|Any CPU
		{DE11BB53-9F5F-42B9-8A51-D1234EE9EA97}.Release|Any CPU.Build.0 = Release|Any CPU
		{D346DB13-E0C8-4729-A84A-9A8A57A1F565}.Debug|Any CPU.ActiveCfg = Debug|Any CPU
		{D346DB13-E0C8-4729-A84A-9A8A57A1F565}.Debug|Any CPU.Build.0 = Debug|Any CPU
		{D346DB13-E0C8-4729-A84A-9A8A57A1F565}.Release|Any CPU.ActiveCfg = Release|Any CPU
		{D346DB13-E0C8-4729-A84A-9A8A57A1F565}.Release|Any CPU.Build.0 = Release|Any CPU
	EndGlobalSection
EndGlobal
