// !$*UTF8*$!
{
	archiveVersion = 1;
	classes = {
	};
	objectVersion = 55;
	objects = {

/* Begin PBXBuildFile section */
		1F57CA1B28CB0C0E008D54C2 /* DetailsViewController.swift in Sources */ = {isa = PBXBuildFile; fileRef = 1F57CA1A28CB0C0E008D54C2 /* DetailsViewController.swift */; };
		1FC2210028CA8A0300014086 /* AppDelegate.swift in Sources */ = {isa = PBXBuildFile; fileRef = 1FC220FF28CA8A0300014086 /* AppDelegate.swift */; };
		1FC2210228CA8A0300014086 /* SceneDelegate.swift in Sources */ = {isa = PBXBuildFile; fileRef = 1FC2210128CA8A0300014086 /* SceneDelegate.swift */; };
		1FC2210728CA8A0300014086 /* Main.storyboard in Resources */ = {isa = PBXBuildFile; fileRef = 1FC2210528CA8A0300014086 /* Main.storyboard */; };
		1FC2210928CA8A0700014086 /* Assets.xcassets in Resources */ = {isa = PBXBuildFile; fileRef = 1FC2210828CA8A0700014086 /* Assets.xcassets */; };
		1FC2210C28CA8A0700014086 /* LaunchScreen.storyboard in Resources */ = {isa = PBXBuildFile; fileRef = 1FC2210A28CA8A0700014086 /* LaunchScreen.storyboard */; };
		1FC2211728CA8A0700014086 /* FishbookTests.swift in Sources */ = {isa = PBXBuildFile; fileRef = 1FC2211628CA8A0700014086 /* FishbookTests.swift */; };
		1FC2212128CA8A0700014086 /* FishbookUITests.swift in Sources */ = {isa = PBXBuildFile; fileRef = 1FC2212028CA8A0700014086 /* FishbookUITests.swift */; };
		1FC2212328CA8A0700014086 /* FishbookUITestsLaunchTests.swift in Sources */ = {isa = PBXBuildFile; fileRef = 1FC2212228CA8A0700014086 /* FishbookUITestsLaunchTests.swift */; };
		1FC2213728CA958300014086 /* ViewController.swift in Sources */ = {isa = PBXBuildFile; fileRef = 1FC2213628CA958300014086 /* ViewController.swift */; };
/* End PBXBuildFile section */

/* Begin PBXContainerItemProxy section */
		1FC2211328CA8A0700014086 /* PBXContainerItemProxy */ = {
			isa = PBXContainerItemProxy;
			containerPortal = 1FC220F428CA8A0300014086 /* Project object */;
			proxyType = 1;
			remoteGlobalIDString = 1FC220FB28CA8A0300014086;
			remoteInfo = Fishbook;
		};
		1FC2211D28CA8A0700014086 /* PBXContainerItemProxy */ = {
			isa = PBXContainerItemProxy;
			containerPortal = 1FC220F428CA8A0300014086 /* Project object */;
			proxyType = 1;
			remoteGlobalIDString = 1FC220FB28CA8A0300014086;
			remoteInfo = Fishbook;
		};
/* End PBXContainerItemProxy section */

/* Begin PBXFileReference section */
		1F57CA1A28CB0C0E008D54C2 /* DetailsViewController.swift */ = {isa = PBXFileReference; lastKnownFileType = sourcecode.swift; path = DetailsViewController.swift; sourceTree = "<group>"; };
		1FC220FC28CA8A0300014086 /* Fishbook.app */ = {isa = PBXFileReference; explicitFileType = wrapper.application; includeInIndex = 0; path = Fishbook.app; sourceTree = BUILT_PRODUCTS_DIR; };
		1FC220FF28CA8A0300014086 /* AppDelegate.swift */ = {isa = PBXFileReference; lastKnownFileType = sourcecode.swift; path = AppDelegate.swift; sourceTree = "<group>"; };
		1FC2210128CA8A0300014086 /* SceneDelegate.swift */ = {isa = PBXFileReference; lastKnownFileType = sourcecode.swift; path = SceneDelegate.swift; sourceTree = "<group>"; };
		1FC2210628CA8A0300014086 /* Base */ = {isa = PBXFileReference; lastKnownFileType = file.storyboard; name = Base; path = Base.lproj/Main.storyboard; sourceTree = "<group>"; };
		1FC2210828CA8A0700014086 /* Assets.xcassets */ = {isa = PBXFileReference; lastKnownFileType = folder.assetcatalog; path = Assets.xcassets; sourceTree = "<group>"; };
		1FC2210B28CA8A0700014086 /* Base */ = {isa = PBXFileReference; lastKnownFileType = file.storyboard; name = Base; path = Base.lproj/LaunchScreen.storyboard; sourceTree = "<group>"; };
		1FC2210D28CA8A0700014086 /* Info.plist */ = {isa = PBXFileReference; lastKnownFileType = text.plist.xml; path = Info.plist; sourceTree = "<group>"; };
		1FC2211228CA8A0700014086 /* FishbookTests.xctest */ = {isa = PBXFileReference; explicitFileType = wrapper.cfbundle; includeInIndex = 0; path = FishbookTests.xctest; sourceTree = BUILT_PRODUCTS_DIR; };
		1FC2211628CA8A0700014086 /* FishbookTests.swift */ = {isa = PBXFileReference; lastKnownFileType = sourcecode.swift; path = FishbookTests.swift; sourceTree = "<group>"; };
		1FC2211C28CA8A0700014086 /* FishbookUITests.xctest */ = {isa = PBXFileReference; explicitFileType = wrapper.cfbundle; includeInIndex = 0; path = FishbookUITests.xctest; sourceTree = BUILT_PRODUCTS_DIR; };
		1FC2212028CA8A0700014086 /* FishbookUITests.swift */ = {isa = PBXFileReference; lastKnownFileType = sourcecode.swift; path = FishbookUITests.swift; sourceTree = "<group>"; };
		1FC2212228CA8A0700014086 /* FishbookUITestsLaunchTests.swift */ = {isa = PBXFileReference; lastKnownFileType = sourcecode.swift; path = FishbookUITestsLaunchTests.swift; sourceTree = "<group>"; };
		1FC2212F28CA8A1700014086 /* Fishbook.entitlements */ = {isa = PBXFileReference; lastKnownFileType = text.plist.entitlements; path = Fishbook.entitlements; sourceTree = "<group>"; };
		1FC2213628CA958300014086 /* ViewController.swift */ = {isa = PBXFileReference; lastKnownFileType = sourcecode.swift; path = ViewController.swift; sourceTree = "<group>"; };
/* End PBXFileReference section */

/* Begin PBXFrameworksBuildPhase section */
		1FC220F928CA8A0300014086 /* Frameworks */ = {
			isa = PBXFrameworksBuildPhase;
			buildActionMask = 2147483647;
			files = (
			);
			runOnlyForDeploymentPostprocessing = 0;
		};
		1FC2210F28CA8A0700014086 /* Frameworks */ = {
			isa = PBXFrameworksBuildPhase;
			buildActionMask = 2147483647;
			files = (
			);
			runOnlyForDeploymentPostprocessing = 0;
		};
		1FC2211928CA8A0700014086 /* Frameworks */ = {
			isa = PBXFrameworksBuildPhase;
			buildActionMask = 2147483647;
			files = (
			);
			runOnlyForDeploymentPostprocessing = 0;
		};
/* End PBXFrameworksBuildPhase section */

/* Begin PBXGroup section */
		1FC220F328CA8A0300014086 = {
			isa = PBXGroup;
			children = (
				1FC220FE28CA8A0300014086 /* Fishbook */,
				1FC2211528CA8A0700014086 /* FishbookTests */,
				1FC2211F28CA8A0700014086 /* FishbookUITests */,
				1FC220FD28CA8A0300014086 /* Products */,
			);
			sourceTree = "<group>";
		};
		1FC220FD28CA8A0300014086 /* Products */ = {
			isa = PBXGroup;
			children = (
				1FC220FC28CA8A0300014086 /* Fishbook.app */,
				1FC2211228CA8A0700014086 /* FishbookTests.xctest */,
				1FC2211C28CA8A0700014086 /* FishbookUITests.xctest */,
			);
			name = Products;
			sourceTree = "<group>";
		};
		1FC220FE28CA8A0300014086 /* Fishbook */ = {
			isa = PBXGroup;
			children = (
				1FC2212F28CA8A1700014086 /* Fishbook.entitlements */,
				1FC220FF28CA8A0300014086 /* AppDelegate.swift */,
				1FC2210128CA8A0300014086 /* SceneDelegate.swift */,
				1FC2213628CA958300014086 /* ViewController.swift */,
				1F57CA1A28CB0C0E008D54C2 /* DetailsViewController.swift */,
				1FC2210528CA8A0300014086 /* Main.storyboard */,
				1FC2210828CA8A0700014086 /* Assets.xcassets */,
				1FC2210A28CA8A0700014086 /* LaunchScreen.storyboard */,
				1FC2210D28CA8A0700014086 /* Info.plist */,
			);
			path = Fishbook;
			sourceTree = "<group>";
		};
		1FC2211528CA8A0700014086 /* FishbookTests */ = {
			isa = PBXGroup;
			children = (
				1FC2211628CA8A0700014086 /* FishbookTests.swift */,
			);
			path = FishbookTests;
			sourceTree = "<group>";
		};
		1FC2211F28CA8A0700014086 /* FishbookUITests */ = {
			isa = PBXGroup;
			children = (
				1FC2212028CA8A0700014086 /* FishbookUITests.swift */,
				1FC2212228CA8A0700014086 /* FishbookUITestsLaunchTests.swift */,
			);
			path = FishbookUITests;
			sourceTree = "<group>";
		};
/* End PBXGroup section */

/* Begin PBXNativeTarget section */
		1FC220FB28CA8A0300014086 /* Fishbook */ = {
			isa = PBXNativeTarget;
			buildConfigurationList = 1FC2212628CA8A0700014086 /* Build configuration list for PBXNativeTarget "Fishbook" */;
			buildPhases = (
				1FC220F828CA8A0300014086 /* Sources */,
				1FC220F928CA8A0300014086 /* Frameworks */,
				1FC220FA28CA8A0300014086 /* Resources */,
			);
			buildRules = (
			);
			dependencies = (
			);
			name = Fishbook;
			productName = Fishbook;
			productReference = 1FC220FC28CA8A0300014086 /* Fishbook.app */;
			productType = "com.apple.product-type.application";
		};
		1FC2211128CA8A0700014086 /* FishbookTests */ = {
			isa = PBXNativeTarget;
			buildConfigurationList = 1FC2212928CA8A0700014086 /* Build configuration list for PBXNativeTarget "FishbookTests" */;
			buildPhases = (
				1FC2210E28CA8A0700014086 /* Sources */,
				1FC2210F28CA8A0700014086 /* Frameworks */,
				1FC2211028CA8A0700014086 /* Resources */,
			);
			buildRules = (
			);
			dependencies = (
				1FC2211428CA8A0700014086 /* PBXTargetDependency */,
			);
			name = FishbookTests;
			productName = FishbookTests;
			productReference = 1FC2211228CA8A0700014086 /* FishbookTests.xctest */;
			productType = "com.apple.product-type.bundle.unit-test";
		};
		1FC2211B28CA8A0700014086 /* FishbookUITests */ = {
			isa = PBXNativeTarget;
			buildConfigurationList = 1FC2212C28CA8A0700014086 /* Build configuration list for PBXNativeTarget "FishbookUITests" */;
			buildPhases = (
				1FC2211828CA8A0700014086 /* Sources */,
				1FC2211928CA8A0700014086 /* Frameworks */,
				1FC2211A28CA8A0700014086 /* Resources */,
			);
			buildRules = (
			);
			dependencies = (
				1FC2211E28CA8A0700014086 /* PBXTargetDependency */,
			);
			name = FishbookUITests;
			productName = FishbookUITests;
			productReference = 1FC2211C28CA8A0700014086 /* FishbookUITests.xctest */;
			productType = "com.apple.product-type.bundle.ui-testing";
		};
/* End PBXNativeTarget section */

/* Begin PBXProject section */
		1FC220F428CA8A0300014086 /* Project object */ = {
			isa = PBXProject;
			attributes = {
				BuildIndependentTargetsInParallel = 1;
				LastSwiftUpdateCheck = 1340;
				LastUpgradeCheck = 1340;
				TargetAttributes = {
					1FC220FB28CA8A0300014086 = {
						CreatedOnToolsVersion = 13.4.1;
					};
					1FC2211128CA8A0700014086 = {
						CreatedOnToolsVersion = 13.4.1;
						TestTargetID = 1FC220FB28CA8A0300014086;
					};
					1FC2211B28CA8A0700014086 = {
						CreatedOnToolsVersion = 13.4.1;
						TestTargetID = 1FC220FB28CA8A0300014086;
					};
				};
			};
			buildConfigurationList = 1FC220F728CA8A0300014086 /* Build configuration list for PBXProject "Fishbook" */;
			compatibilityVersion = "Xcode 13.0";
			developmentRegion = en;
			hasScannedForEncodings = 0;
			knownRegions = (
				en,
				Base,
			);
			mainGroup = 1FC220F328CA8A0300014086;
			productRefGroup = 1FC220FD28CA8A0300014086 /* Products */;
			projectDirPath = "";
			projectRoot = "";
			targets = (
				1FC220FB28CA8A0300014086 /* Fishbook */,
				1FC2211128CA8A0700014086 /* FishbookTests */,
				1FC2211B28CA8A0700014086 /* FishbookUITests */,
			);
		};
/* End PBXProject section */

/* Begin PBXResourcesBuildPhase section */
		1FC220FA28CA8A0300014086 /* Resources */ = {
			isa = PBXResourcesBuildPhase;
			buildActionMask = 2147483647;
			files = (
				1FC2210C28CA8A0700014086 /* LaunchScreen.storyboard in Resources */,
				1FC2210928CA8A0700014086 /* Assets.xcassets in Resources */,
				1FC2210728CA8A0300014086 /* Main.storyboard in Resources */,
			);
			runOnlyForDeploymentPostprocessing = 0;
		};
		1FC2211028CA8A0700014086 /* Resources */ = {
			isa = PBXResourcesBuildPhase;
			buildActionMask = 2147483647;
			files = (
			);
			runOnlyForDeploymentPostprocessing = 0;
		};
		1FC2211A28CA8A0700014086 /* Resources */ = {
			isa = PBXResourcesBuildPhase;
			buildActionMask = 2147483647;
			files = (
			);
			runOnlyForDeploymentPostprocessing = 0;
		};
/* End PBXResourcesBuildPhase section */

/* Begin PBXSourcesBuildPhase section */
		1FC220F828CA8A0300014086 /* Sources */ = {
			isa = PBXSourcesBuildPhase;
			buildActionMask = 2147483647;
			files = (
				1FC2210028CA8A0300014086 /* AppDelegate.swift in Sources */,
				1FC2213728CA958300014086 /* ViewController.swift in Sources */,
				1FC2210228CA8A0300014086 /* SceneDelegate.swift in Sources */,
				1F57CA1B28CB0C0E008D54C2 /* DetailsViewController.swift in Sources */,
			);
			runOnlyForDeploymentPostprocessing = 0;
		};
		1FC2210E28CA8A0700014086 /* Sources */ = {
			isa = PBXSourcesBuildPhase;
			buildActionMask = 2147483647;
			files = (
				1FC2211728CA8A0700014086 /* FishbookTests.swift in Sources */,
			);
			runOnlyForDeploymentPostprocessing = 0;
		};
		1FC2211828CA8A0700014086 /* Sources */ = {
			isa = PBXSourcesBuildPhase;
			buildActionMask = 2147483647;
			files = (
				1FC2212328CA8A0700014086 /* FishbookUITestsLaunchTests.swift in Sources */,
				1FC2212128CA8A0700014086 /* FishbookUITests.swift in Sources */,
			);
			runOnlyForDeploymentPostprocessing = 0;
		};
/* End PBXSourcesBuildPhase section */

/* Begin PBXTargetDependency section */
		1FC2211428CA8A0700014086 /* PBXTargetDependency */ = {
			isa = PBXTargetDependency;
			target = 1FC220FB28CA8A0300014086 /* Fishbook */;
			targetProxy = 1FC2211328CA8A0700014086 /* PBXContainerItemProxy */;
		};
		1FC2211E28CA8A0700014086 /* PBXTargetDependency */ = {
			isa = PBXTargetDependency;
			target = 1FC220FB28CA8A0300014086 /* Fishbook */;
			targetProxy = 1FC2211D28CA8A0700014086 /* PBXContainerItemProxy */;
		};
/* End PBXTargetDependency section */

/* Begin PBXVariantGroup section */
		1FC2210528CA8A0300014086 /* Main.storyboard */ = {
			isa = PBXVariantGroup;
			children = (
				1FC2210628CA8A0300014086 /* Base */,
			);
			name = Main.storyboard;
			sourceTree = "<group>";
		};
		1FC2210A28CA8A0700014086 /* LaunchScreen.storyboard */ = {
			isa = PBXVariantGroup;
			children = (
				1FC2210B28CA8A0700014086 /* Base */,
			);
			name = LaunchScreen.storyboard;
			sourceTree = "<group>";
		};
/* End PBXVariantGroup section */

/* Begin XCBuildConfiguration section */
		1FC2212428CA8A0700014086 /* Debug */ = {
			isa = XCBuildConfiguration;
			buildSettings = {
				ALWAYS_SEARCH_USER_PATHS = NO;
				CLANG_ANALYZER_NONNULL = YES;
				CLANG_ANALYZER_NUMBER_OBJECT_CONVERSION = YES_AGGRESSIVE;
				CLANG_CXX_LANGUAGE_STANDARD = "gnu++17";
				CLANG_ENABLE_MODULES = YES;
				CLANG_ENABLE_OBJC_ARC = YES;
				CLANG_ENABLE_OBJC_WEAK = YES;
				CLANG_WARN_BLOCK_CAPTURE_AUTORELEASING = YES;
				CLANG_WARN_BOOL_CONVERSION = YES;
				CLANG_WARN_COMMA = YES;
				CLANG_WARN_CONSTANT_CONVERSION = YES;
				CLANG_WARN_DEPRECATED_OBJC_IMPLEMENTATIONS = YES;
				CLANG_WARN_DIRECT_OBJC_ISA_USAGE = YES_ERROR;
				CLANG_WARN_DOCUMENTATION_COMMENTS = YES;
				CLANG_WARN_EMPTY_BODY = YES;
				CLANG_WARN_ENUM_CONVERSION = YES;
				CLANG_WARN_INFINITE_RECURSION = YES;
				CLANG_WARN_INT_CONVERSION = YES;
				CLANG_WARN_NON_LITERAL_NULL_CONVERSION = YES;
				CLANG_WARN_OBJC_IMPLICIT_RETAIN_SELF = YES;
				CLANG_WARN_OBJC_LITERAL_CONVERSION = YES;
				CLANG_WARN_OBJC_ROOT_CLASS = YES_ERROR;
				CLANG_WARN_QUOTED_INCLUDE_IN_FRAMEWORK_HEADER = YES;
				CLANG_WARN_RANGE_LOOP_ANALYSIS = YES;
				CLANG_WARN_STRICT_PROTOTYPES = YES;
				CLANG_WARN_SUSPICIOUS_MOVE = YES;
				CLANG_WARN_UNGUARDED_AVAILABILITY = YES_AGGRESSIVE;
				CLANG_WARN_UNREACHABLE_CODE = YES;
				CLANG_WARN__DUPLICATE_METHOD_MATCH = YES;
				COPY_PHASE_STRIP = NO;
				DEBUG_INFORMATION_FORMAT = dwarf;
				ENABLE_STRICT_OBJC_MSGSEND = YES;
				ENABLE_TESTABILITY = YES;
				GCC_C_LANGUAGE_STANDARD = gnu11;
				GCC_DYNAMIC_NO_PIC = NO;
				GCC_NO_COMMON_BLOCKS = YES;
				GCC_OPTIMIZATION_LEVEL = 0;
				GCC_PREPROCESSOR_DEFINITIONS = (
					"DEBUG=1",
					"$(inherited)",
				);
				GCC_WARN_64_TO_32_BIT_CONVERSION = YES;
				GCC_WARN_ABOUT_RETURN_TYPE = YES_ERROR;
				GCC_WARN_UNDECLARED_SELECTOR = YES;
				GCC_WARN_UNINITIALIZED_AUTOS = YES_AGGRESSIVE;
				GCC_WARN_UNUSED_FUNCTION = YES;
				GCC_WARN_UNUSED_VARIABLE = YES;
				IPHONEOS_DEPLOYMENT_TARGET = 15.5;
				MTL_ENABLE_DEBUG_INFO = INCLUDE_SOURCE;
				MTL_FAST_MATH = YES;
				ONLY_ACTIVE_ARCH = YES;
				SDKROOT = iphoneos;
				SWIFT_ACTIVE_COMPILATION_CONDITIONS = DEBUG;
				SWIFT_OPTIMIZATION_LEVEL = "-Onone";
			};
			name = Debug;
		};
		1FC2212528CA8A0700014086 /* Release */ = {
			isa = XCBuildConfiguration;
			buildSettings = {
				ALWAYS_SEARCH_USER_PATHS = NO;
				CLANG_ANALYZER_NONNULL = YES;
				CLANG_ANALYZER_NUMBER_OBJECT_CONVERSION = YES_AGGRESSIVE;
				CLANG_CXX_LANGUAGE_STANDARD = "gnu++17";
				CLANG_ENABLE_MODULES = YES;
				CLANG_ENABLE_OBJC_ARC = YES;
				CLANG_ENABLE_OBJC_WEAK = YES;
				CLANG_WARN_BLOCK_CAPTURE_AUTORELEASING = YES;
				CLANG_WARN_BOOL_CONVERSION = YES;
				CLANG_WARN_COMMA = YES;
				CLANG_WARN_CONSTANT_CONVERSION = YES;
				CLANG_WARN_DEPRECATED_OBJC_IMPLEMENTATIONS = YES;
				CLANG_WARN_DIRECT_OBJC_ISA_USAGE = YES_ERROR;
				CLANG_WARN_DOCUMENTATION_COMMENTS = YES;
				CLANG_WARN_EMPTY_BODY = YES;
				CLANG_WARN_ENUM_CONVERSION = YES;
				CLANG_WARN_INFINITE_RECURSION = YES;
				CLANG_WARN_INT_CONVERSION = YES;
				CLANG_WARN_NON_LITERAL_NULL_CONVERSION = YES;
				CLANG_WARN_OBJC_IMPLICIT_RETAIN_SELF = YES;
				CLANG_WARN_OBJC_LITERAL_CONVERSION = YES;
				CLANG_WARN_OBJC_ROOT_CLASS = YES_ERROR;
				CLANG_WARN_QUOTED_INCLUDE_IN_FRAMEWORK_HEADER = YES;
				CLANG_WARN_RANGE_LOOP_ANALYSIS = YES;
				CLANG_WARN_STRICT_PROTOTYPES = YES;
				CLANG_WARN_SUSPICIOUS_MOVE = YES;
				CLANG_WARN_UNGUARDED_AVAILABILITY = YES_AGGRESSIVE;
				CLANG_WARN_UNREACHABLE_CODE = YES;
				CLANG_WARN__DUPLICATE_METHOD_MATCH = YES;
				COPY_PHASE_STRIP = NO;
				DEBUG_INFORMATION_FORMAT = "dwarf-with-dsym";
				ENABLE_NS_ASSERTIONS = NO;
				ENABLE_STRICT_OBJC_MSGSEND = YES;
				GCC_C_LANGUAGE_STANDARD = gnu11;
				GCC_NO_COMMON_BLOCKS = YES;
				GCC_WARN_64_TO_32_BIT_CONVERSION = YES;
				GCC_WARN_ABOUT_RETURN_TYPE = YES_ERROR;
				GCC_WARN_UNDECLARED_SELECTOR = YES;
				GCC_WARN_UNINITIALIZED_AUTOS = YES_AGGRESSIVE;
				GCC_WARN_UNUSED_FUNCTION = YES;
				GCC_WARN_UNUSED_VARIABLE = YES;
				IPHONEOS_DEPLOYMENT_TARGET = 15.5;
				MTL_ENABLE_DEBUG_INFO = NO;
				MTL_FAST_MATH = YES;
				SDKROOT = iphoneos;
				SWIFT_COMPILATION_MODE = wholemodule;
				SWIFT_OPTIMIZATION_LEVEL = "-O";
				VALIDATE_PRODUCT = YES;
			};
			name = Release;
		};
		1FC2212728CA8A0700014086 /* Debug */ = {
			isa = XCBuildConfiguration;
			buildSettings = {
				ASSETCATALOG_COMPILER_APPICON_NAME = AppIcon;
				ASSETCATALOG_COMPILER_GLOBAL_ACCENT_COLOR_NAME = AccentColor;
				CODE_SIGN_ENTITLEMENTS = Fishbook/Fishbook.entitlements;
				CODE_SIGN_STYLE = Automatic;
				CURRENT_PROJECT_VERSION = 1;
				DEVELOPMENT_TEAM = 6GGU8ET2C4;
				GENERATE_INFOPLIST_FILE = YES;
				INFOPLIST_FILE = Fishbook/Info.plist;
				INFOPLIST_KEY_UIApplicationSupportsIndirectInputEvents = YES;
				INFOPLIST_KEY_UILaunchStoryboardName = LaunchScreen;
				INFOPLIST_KEY_UIMainStoryboardFile = Main;
				INFOPLIST_KEY_UISupportedInterfaceOrientations_iPad = "UIInterfaceOrientationPortrait UIInterfaceOrientationPortraitUpsideDown UIInterfaceOrientationLandscapeLeft UIInterfaceOrientationLandscapeRight";
				INFOPLIST_KEY_UISupportedInterfaceOrientations_iPhone = "UIInterfaceOrientationPortrait UIInterfaceOrientationLandscapeLeft UIInterfaceOrientationLandscapeRight";
				LD_RUNPATH_SEARCH_PATHS = (
					"$(inherited)",
					"@executable_path/Frameworks",
				);
				MARKETING_VERSION = 1.0;
				PRODUCT_BUNDLE_IDENTIFIER = com.marcelbenders.Fishbook;
				PRODUCT_NAME = "$(TARGET_NAME)";
				SUPPORTS_MACCATALYST = YES;
				SWIFT_EMIT_LOC_STRINGS = YES;
				SWIFT_VERSION = 5.0;
				TARGETED_DEVICE_FAMILY = "1,2";
			};
			name = Debug;
		};
		1FC2212828CA8A0700014086 /* Release */ = {
			isa = XCBuildConfiguration;
			buildSettings = {
				ASSETCATALOG_COMPILER_APPICON_NAME = AppIcon;
				ASSETCATALOG_COMPILER_GLOBAL_ACCENT_COLOR_NAME = AccentColor;
				CODE_SIGN_ENTITLEMENTS = Fishbook/Fishbook.entitlements;
				CODE_SIGN_STYLE = Automatic;
				CURRENT_PROJECT_VERSION = 1;
				DEVELOPMENT_TEAM = 6GGU8ET2C4;
				GENERATE_INFOPLIST_FILE = YES;
				INFOPLIST_FILE = Fishbook/Info.plist;
				INFOPLIST_KEY_UIApplicationSupportsIndirectInputEvents = YES;
				INFOPLIST_KEY_UILaunchStoryboardName = LaunchScreen;
				INFOPLIST_KEY_UIMainStoryboardFile = Main;
				INFOPLIST_KEY_UISupportedInterfaceOrientations_iPad = "UIInterfaceOrientationPortrait UIInterfaceOrientationPortraitUpsideDown UIInterfaceOrientationLandscapeLeft UIInterfaceOrientationLandscapeRight";
				INFOPLIST_KEY_UISupportedInterfaceOrientations_iPhone = "UIInterfaceOrientationPortrait UIInterfaceOrientationLandscapeLeft UIInterfaceOrientationLandscapeRight";
				LD_RUNPATH_SEARCH_PATHS = (
					"$(inherited)",
					"@executable_path/Frameworks",
				);
				MARKETING_VERSION = 1.0;
				PRODUCT_BUNDLE_IDENTIFIER = com.marcelbenders.Fishbook;
				PRODUCT_NAME = "$(TARGET_NAME)";
				SUPPORTS_MACCATALYST = YES;
				SWIFT_EMIT_LOC_STRINGS = YES;
				SWIFT_VERSION = 5.0;
				TARGETED_DEVICE_FAMILY = "1,2";
			};
			name = Release;
		};
		1FC2212A28CA8A0700014086 /* Debug */ = {
			isa = XCBuildConfiguration;
			buildSettings = {
				ALWAYS_EMBED_SWIFT_STANDARD_LIBRARIES = YES;
				BUNDLE_LOADER = "$(TEST_HOST)";
				CODE_SIGN_STYLE = Automatic;
				CURRENT_PROJECT_VERSION = 1;
				DEVELOPMENT_TEAM = 6GGU8ET2C4;
				GENERATE_INFOPLIST_FILE = YES;
				IPHONEOS_DEPLOYMENT_TARGET = 15.5;
				MARKETING_VERSION = 1.0;
				PRODUCT_BUNDLE_IDENTIFIER = com.marcelbenders.FishbookTests;
				PRODUCT_NAME = "$(TARGET_NAME)";
				SWIFT_EMIT_LOC_STRINGS = NO;
				SWIFT_VERSION = 5.0;
				TARGETED_DEVICE_FAMILY = "1,2";
				TEST_HOST = "$(BUILT_PRODUCTS_DIR)/Fishbook.app/Fishbook";
			};
			name = Debug;
		};
		1FC2212B28CA8A0700014086 /* Release */ = {
			isa = XCBuildConfiguration;
			buildSettings = {
				ALWAYS_EMBED_SWIFT_STANDARD_LIBRARIES = YES;
				BUNDLE_LOADER = "$(TEST_HOST)";
				CODE_SIGN_STYLE = Automatic;
				CURRENT_PROJECT_VERSION = 1;
				DEVELOPMENT_TEAM = 6GGU8ET2C4;
				GENERATE_INFOPLIST_FILE = YES;
				IPHONEOS_DEPLOYMENT_TARGET = 15.5;
				MARKETING_VERSION = 1.0;
				PRODUCT_BUNDLE_IDENTIFIER = com.marcelbenders.FishbookTests;
				PRODUCT_NAME = "$(TARGET_NAME)";
				SWIFT_EMIT_LOC_STRINGS = NO;
				SWIFT_VERSION = 5.0;
				TARGETED_DEVICE_FAMILY = "1,2";
				TEST_HOST = "$(BUILT_PRODUCTS_DIR)/Fishbook.app/Fishbook";
			};
			name = Release;
		};
		1FC2212D28CA8A0700014086 /* Debug */ = {
			isa = XCBuildConfiguration;
			buildSettings = {
				ALWAYS_EMBED_SWIFT_STANDARD_LIBRARIES = YES;
				CODE_SIGN_STYLE = Automatic;
				CURRENT_PROJECT_VERSION = 1;
				DEVELOPMENT_TEAM = 6GGU8ET2C4;
				GENERATE_INFOPLIST_FILE = YES;
				MARKETING_VERSION = 1.0;
				PRODUCT_BUNDLE_IDENTIFIER = com.marcelbenders.FishbookUITests;
				PRODUCT_NAME = "$(TARGET_NAME)";
				SWIFT_EMIT_LOC_STRINGS = NO;
				SWIFT_VERSION = 5.0;
				TARGETED_DEVICE_FAMILY = "1,2";
				TEST_TARGET_NAME = Fishbook;
			};
			name = Debug;
		};
		1FC2212E28CA8A0700014086 /* Release */ = {
			isa = XCBuildConfiguration;
			buildSettings = {
				ALWAYS_EMBED_SWIFT_STANDARD_LIBRARIES = YES;
				CODE_SIGN_STYLE = Automatic;
				CURRENT_PROJECT_VERSION = 1;
				DEVELOPMENT_TEAM = 6GGU8ET2C4;
				GENERATE_INFOPLIST_FILE = YES;
				MARKETING_VERSION = 1.0;
				PRODUCT_BUNDLE_IDENTIFIER = com.marcelbenders.FishbookUITests;
				PRODUCT_NAME = "$(TARGET_NAME)";
				SWIFT_EMIT_LOC_STRINGS = NO;
				SWIFT_VERSION = 5.0;
				TARGETED_DEVICE_FAMILY = "1,2";
				TEST_TARGET_NAME = Fishbook;
			};
			name = Release;
		};
/* End XCBuildConfiguration section */

/* Begin XCConfigurationList section */
		1FC220F728CA8A0300014086 /* Build configuration list for PBXProject "Fishbook" */ = {
			isa = XCConfigurationList;
			buildConfigurations = (
				1FC2212428CA8A0700014086 /* Debug */,
				1FC2212528CA8A0700014086 /* Release */,
			);
			defaultConfigurationIsVisible = 0;
			defaultConfigurationName = Release;
		};
		1FC2212628CA8A0700014086 /* Build configuration list for PBXNativeTarget "Fishbook" */ = {
			isa = XCConfigurationList;
			buildConfigurations = (
				1FC2212728CA8A0700014086 /* Debug */,
				1FC2212828CA8A0700014086 /* Release */,
			);
			defaultConfigurationIsVisible = 0;
			defaultConfigurationName = Release;
		};
		1FC2212928CA8A0700014086 /* Build configuration list for PBXNativeTarget "FishbookTests" */ = {
			isa = XCConfigurationList;
			buildConfigurations = (
				1FC2212A28CA8A0700014086 /* Debug */,
				1FC2212B28CA8A0700014086 /* Release */,
			);
			defaultConfigurationIsVisible = 0;
			defaultConfigurationName = Release;
		};
		1FC2212C28CA8A0700014086 /* Build configuration list for PBXNativeTarget "FishbookUITests" */ = {
			isa = XCConfigurationList;
			buildConfigurations = (
				1FC2212D28CA8A0700014086 /* Debug */,
				1FC2212E28CA8A0700014086 /* Release */,
			);
			defaultConfigurationIsVisible = 0;
			defaultConfigurationName = Release;
		};
/* End XCConfigurationList section */
	};
	rootObject = 1FC220F428CA8A0300014086 /* Project object */;
}
